
Microsoft Visual Studio Solution File, Format Version 12.00
# Visual Studio Version 16
VisualStudioVersion = 16.0.28315.86
MinimumVisualStudioVersion = 10.0.40219.1
Project("{9A19103F-16F7-4668-BE54-9A1E7A4F7556}") = "WavFile", "src\WavFile\WavFile.csproj", "{76465033-784D-46A6-929B-B4B35E7D422E}"
EndProject
Project("{9A19103F-16F7-4668-BE54-9A1E7A4F7556}") = "SimpleWavSplitter.Console", "src\SimpleWavSplitter.Console\SimpleWavSplitter.Console.csproj", "{0DB24D15-3920-44C4-83FA-89D0F7565E42}"
EndProject
Project("{9A19103F-16F7-4668-BE54-9A1E7A4F7556}") = "SimpleWavSplitter.Avalonia", "src\SimpleWavSplitter.Avalonia\SimpleWavSplitter.Avalonia.csproj", "{FFECA3C3-2785-4AAC-B9DE-5FA47415444F}"
EndProject
Project("{2150E333-8FDC-42A3-9474-1A3956D46DE8}") = "src", "src", "{4E9F76C0-2C43-4BEC-91D3-9F76936EB77F}"
EndProject
Project("{2150E333-8FDC-42A3-9474-1A3956D46DE8}") = "build", "build", "{2C2B9DE5-D2CC-4464-8660-2D2F5590C396}"
	ProjectSection(SolutionItems) = preProject
		.editorconfig = .editorconfig
		.nuke = .nuke
		build.ps1 = build.ps1
		build.sh = build.sh
		global.json = global.json
	EndProjectSection
EndProject
Project("{2150E333-8FDC-42A3-9474-1A3956D46DE8}") = "git", "git", "{993E4853-EF1E-4D37-8015-BEC79278A997}"
	ProjectSection(SolutionItems) = preProject
		.gitattributes = .gitattributes
		.gitignore = .gitignore
	EndProjectSection
EndProject
Project("{2150E333-8FDC-42A3-9474-1A3956D46DE8}") = "nuget", "nuget", "{20652AD5-435B-4968-849C-67FE00090BB9}"
	ProjectSection(SolutionItems) = preProject
		NuGet.Config = NuGet.Config
	EndProjectSection
EndProject
Project("{2150E333-8FDC-42A3-9474-1A3956D46DE8}") = "props", "props", "{335EB7D0-D585-4FC2-BDC9-451EA7780FF1}"
	ProjectSection(SolutionItems) = preProject
		build\Avalonia.Desktop.props = build\Avalonia.Desktop.props
		build\Avalonia.props = build\Avalonia.props
		build\Base.props = build\Base.props
		build\EmbedXaml.props = build\EmbedXaml.props
		build\Rx.props = build\Rx.props
		build\System.IO.FileSystem.props = build\System.IO.FileSystem.props
		build\XUnit.props = build\XUnit.props
	EndProjectSection
EndProject
Project("{2150E333-8FDC-42A3-9474-1A3956D46DE8}") = "docs", "docs", "{305D7F58-9B4A-4841-9EF1-BB279EF56995}"
	ProjectSection(SolutionItems) = preProject
		LICENSE.TXT = LICENSE.TXT
		README.md = README.md
		Reference.txt = Reference.txt
	EndProjectSection
EndProject
Project("{9A19103F-16F7-4668-BE54-9A1E7A4F7556}") = "_build", "build\build\_build.csproj", "{E25E3DD5-6313-4DDC-90F0-587657EF0950}"
EndProject
Project("{2150E333-8FDC-42A3-9474-1A3956D46DE8}") = "tests", "tests", "{1ACCC200-FC4E-4E77-ADC8-547C39CDD0D7}"
EndProject
Project("{9A19103F-16F7-4668-BE54-9A1E7A4F7556}") = "WavFile.UnitTests", "tests\WavFile.UnitTests\WavFile.UnitTests.csproj", "{D0092F14-0394-41B7-A9A2-A3C3E51C02A5}"
EndProject
Global
	GlobalSection(SolutionConfigurationPlatforms) = preSolution
		Debug|Any CPU = Debug|Any CPU
		Release|Any CPU = Release|Any CPU
	EndGlobalSection
	GlobalSection(ProjectConfigurationPlatforms) = postSolution
		{76465033-784D-46A6-929B-B4B35E7D422E}.Debug|Any CPU.ActiveCfg = Debug|Any CPU
		{76465033-784D-46A6-929B-B4B35E7D422E}.Debug|Any CPU.Build.0 = Debug|Any CPU
		{76465033-784D-46A6-929B-B4B35E7D422E}.Release|Any CPU.ActiveCfg = Release|Any CPU
		{76465033-784D-46A6-929B-B4B35E7D422E}.Release|Any CPU.Build.0 = Release|Any CPU
		{0DB24D15-3920-44C4-83FA-89D0F7565E42}.Debug|Any CPU.ActiveCfg = Debug|Any CPU
		{0DB24D15-3920-44C4-83FA-89D0F7565E42}.Debug|Any CPU.Build.0 = Debug|Any CPU
		{0DB24D15-3920-44C4-83FA-89D0F7565E42}.Release|Any CPU.ActiveCfg = Release|Any CPU
		{0DB24D15-3920-44C4-83FA-89D0F7565E42}.Release|Any CPU.Build.0 = Release|Any CPU
		{FFECA3C3-2785-4AAC-B9DE-5FA47415444F}.Debug|Any CPU.ActiveCfg = Debug|Any CPU
		{FFECA3C3-2785-4AAC-B9DE-5FA47415444F}.Debug|Any CPU.Build.0 = Debug|Any CPU
		{FFECA3C3-2785-4AAC-B9DE-5FA47415444F}.Release|Any CPU.ActiveCfg = Release|Any CPU
		{FFECA3C3-2785-4AAC-B9DE-5FA47415444F}.Release|Any CPU.Build.0 = Release|Any CPU
		{E25E3DD5-6313-4DDC-90F0-587657EF0950}.Debug|Any CPU.ActiveCfg = Debug|Any CPU
		{E25E3DD5-6313-4DDC-90F0-587657EF0950}.Debug|Any CPU.Build.0 = Debug|Any CPU
		{E25E3DD5-6313-4DDC-90F0-587657EF0950}.Release|Any CPU.ActiveCfg = Release|Any CPU
		{E25E3DD5-6313-4DDC-90F0-587657EF0950}.Release|Any CPU.Build.0 = Release|Any CPU
		{D0092F14-0394-41B7-A9A2-A3C3E51C02A5}.Debug|Any CPU.ActiveCfg = Debug|Any CPU
		{D0092F14-0394-41B7-A9A2-A3C3E51C02A5}.Debug|Any CPU.Build.0 = Debug|Any CPU
		{D0092F14-0394-41B7-A9A2-A3C3E51C02A5}.Release|Any CPU.ActiveCfg = Release|Any CPU
		{D0092F14-0394-41B7-A9A2-A3C3E51C02A5}.Release|Any CPU.Build.0 = Release|Any CPU
	EndGlobalSection
	GlobalSection(SolutionProperties) = preSolution
		HideSolutionNode = FALSE
	EndGlobalSection
	GlobalSection(NestedProjects) = preSolution
		{76465033-784D-46A6-929B-B4B35E7D422E} = {4E9F76C0-2C43-4BEC-91D3-9F76936EB77F}
		{0DB24D15-3920-44C4-83FA-89D0F7565E42} = {4E9F76C0-2C43-4BEC-91D3-9F76936EB77F}
		{FFECA3C3-2785-4AAC-B9DE-5FA47415444F} = {4E9F76C0-2C43-4BEC-91D3-9F76936EB77F}
		{993E4853-EF1E-4D37-8015-BEC79278A997} = {2C2B9DE5-D2CC-4464-8660-2D2F5590C396}
		{20652AD5-435B-4968-849C-67FE00090BB9} = {2C2B9DE5-D2CC-4464-8660-2D2F5590C396}
		{335EB7D0-D585-4FC2-BDC9-451EA7780FF1} = {2C2B9DE5-D2CC-4464-8660-2D2F5590C396}
		{E25E3DD5-6313-4DDC-90F0-587657EF0950} = {2C2B9DE5-D2CC-4464-8660-2D2F5590C396}
		{D0092F14-0394-41B7-A9A2-A3C3E51C02A5} = {1ACCC200-FC4E-4E77-ADC8-547C39CDD0D7}
	EndGlobalSection
	GlobalSection(ExtensibilityGlobals) = postSolution
		SolutionGuid = {4194A594-1463-4823-8A28-CBBE8B416F46}
	EndGlobalSection
EndGlobal
