
Microsoft Visual Studio Solution File, Format Version 12.00
# Visual Studio 14
VisualStudioVersion = 14.0.25420.1
MinimumVisualStudioVersion = 10.0.40219.1
Project("{FAE04EC0-301F-11D3-BF4B-00C04F79EFBC}") = "SimpleWavSplitter", "SimpleWavSplitter\SimpleWavSplitter.csproj", "{746BB582-59A3-409A-A9C9-53CCFC287D3F}"
	ProjectSection(ProjectDependencies) = postProject
		{76465033-784D-46A6-929B-B4B35E7D422E} = {76465033-784D-46A6-929B-B4B35E7D422E}
	EndProjectSection
EndProject
Project("{FAE04EC0-301F-11D3-BF4B-00C04F79EFBC}") = "WavFile", "WavFile\WavFile.csproj", "{76465033-784D-46A6-929B-B4B35E7D422E}"
EndProject
Project("{FAE04EC0-301F-11D3-BF4B-00C04F79EFBC}") = "SimpleWavSplitter.Console", "SimpleWavSplitter.Console\SimpleWavSplitter.Console.csproj", "{0DB24D15-3920-44C4-83FA-89D0F7565E42}"
	ProjectSection(ProjectDependencies) = postProject
		{76465033-784D-46A6-929B-B4B35E7D422E} = {76465033-784D-46A6-929B-B4B35E7D422E}
	EndProjectSection
EndProject
Global
	GlobalSection(SolutionConfigurationPlatforms) = preSolution
		Debug|Any CPU = Debug|Any CPU
		Release|Any CPU = Release|Any CPU
	EndGlobalSection
	GlobalSection(ProjectConfigurationPlatforms) = postSolution
		{746BB582-59A3-409A-A9C9-53CCFC287D3F}.Debug|Any CPU.ActiveCfg = Debug|Any CPU
		{746BB582-59A3-409A-A9C9-53CCFC287D3F}.Debug|Any CPU.Build.0 = Debug|Any CPU
		{746BB582-59A3-409A-A9C9-53CCFC287D3F}.Release|Any CPU.ActiveCfg = Release|Any CPU
		{746BB582-59A3-409A-A9C9-53CCFC287D3F}.Release|Any CPU.Build.0 = Release|Any CPU
		{76465033-784D-46A6-929B-B4B35E7D422E}.Debug|Any CPU.ActiveCfg = Debug|Any CPU
		{76465033-784D-46A6-929B-B4B35E7D422E}.Debug|Any CPU.Build.0 = Debug|Any CPU
		{76465033-784D-46A6-929B-B4B35E7D422E}.Release|Any CPU.ActiveCfg = Release|Any CPU
		{76465033-784D-46A6-929B-B4B35E7D422E}.Release|Any CPU.Build.0 = Release|Any CPU
		{0DB24D15-3920-44C4-83FA-89D0F7565E42}.Debug|Any CPU.ActiveCfg = Debug|Any CPU
		{0DB24D15-3920-44C4-83FA-89D0F7565E42}.Debug|Any CPU.Build.0 = Debug|Any CPU
		{0DB24D15-3920-44C4-83FA-89D0F7565E42}.Release|Any CPU.ActiveCfg = Release|Any CPU
		{0DB24D15-3920-44C4-83FA-89D0F7565E42}.Release|Any CPU.Build.0 = Release|Any CPU
	EndGlobalSection
	GlobalSection(SolutionProperties) = preSolution
		HideSolutionNode = FALSE
	EndGlobalSection
EndGlobal
